
Microsoft Visual Studio Solution File, Format Version 12.00
# Visual Studio 15
Project("{FAE04EC0-301F-11D3-BF4B-00C04F79EFBC}") = "FirstBlazorApp", "FirstBlazorApp\FirstBlazorApp.csproj", "{9283C61F-B910-4AAE-BBD4-4CCBD4B414B9}"
EndProject
Project("{E53339B2-1760-4266-BCC7-CA923CBCF16C}") = "docker-compose", "docker-compose.dcproj", "{FE61B187-685B-4340-BCEE-CE2889C15A5C}"
EndProject
Global
	GlobalSection(SolutionConfigurationPlatforms) = preSolution
		Debug|Any CPU = Debug|Any CPU
		Release|Any CPU = Release|Any CPU
	EndGlobalSection
	GlobalSection(ProjectConfigurationPlatforms) = postSolution
		{9283C61F-B910-4AAE-BBD4-4CCBD4B414B9}.Debug|Any CPU.ActiveCfg = Debug|Any CPU
		{9283C61F-B910-4AAE-BBD4-4CCBD4B414B9}.Debug|Any CPU.Build.0 = Debug|Any CPU
		{9283C61F-B910-4AAE-BBD4-4CCBD4B414B9}.Release|Any CPU.ActiveCfg = Release|Any CPU
		{9283C61F-B910-4AAE-BBD4-4CCBD4B414B9}.Release|Any CPU.Build.0 = Release|Any CPU
		{FE61B187-685B-4340-BCEE-CE2889C15A5C}.Debug|Any CPU.ActiveCfg = Debug|Any CPU
		{FE61B187-685B-4340-BCEE-CE2889C15A5C}.Debug|Any CPU.Build.0 = Debug|Any CPU
		{FE61B187-685B-4340-BCEE-CE2889C15A5C}.Release|Any CPU.ActiveCfg = Release|Any CPU
		{FE61B187-685B-4340-BCEE-CE2889C15A5C}.Release|Any CPU.Build.0 = Release|Any CPU
	EndGlobalSection
EndGlobal
